
Microsoft Visual Studio Solution File, Format Version 12.00
# Visual Studio Version 16
VisualStudioVersion = 16.0.31005.135
MinimumVisualStudioVersion = 10.0.40219.1
Project("{9A19103F-16F7-4668-BE54-9A1E7A4F7556}") = "DatabaseTutorApi", "DatabaseTutorApi\DatabaseTutorApi.csproj", "{596F9B5A-0FB9-41EA-AD24-0DDC8D5FC5D1}"
EndProject
Project("{9A19103F-16F7-4668-BE54-9A1E7A4F7556}") = "RepositoryLayer", "RepositoryLayer\RepositoryLayer.csproj", "{F50DCD9E-1818-444C-B788-A99FD5B96989}"
EndProject
Project("{9A19103F-16F7-4668-BE54-9A1E7A4F7556}") = "CommonLayer", "CommonLayer\CommonLayer.csproj", "{690E0FFD-DC8E-4908-BE78-C9CA437E5F81}"
EndProject
Project("{9A19103F-16F7-4668-BE54-9A1E7A4F7556}") = "EntityLayer", "EntityLayer\EntityLayer.csproj", "{BDCBFB59-8EDC-43C0-AFEF-868D8C06F90D}"
EndProject
Project("{9A19103F-16F7-4668-BE54-9A1E7A4F7556}") = "UnitOfWork", "UnitOfWork\UnitOfWork.csproj", "{E17079B8-18D7-40CD-9A47-5BDA944FE5F3}"
EndProject
Project("{FAE04EC0-301F-11D3-BF4B-00C04F79EFBC}") = "DatabaseTutor.DTOs", "DataBaseTutorDT\DatabaseTutor.DTOs.csproj", "{C635C203-C754-4AC4-ABD0-319422722055}"
EndProject
Global
	GlobalSection(SolutionConfigurationPlatforms) = preSolution
		Debug|Any CPU = Debug|Any CPU
		Release|Any CPU = Release|Any CPU
	EndGlobalSection
	GlobalSection(ProjectConfigurationPlatforms) = postSolution
		{596F9B5A-0FB9-41EA-AD24-0DDC8D5FC5D1}.Debug|Any CPU.ActiveCfg = Debug|Any CPU
		{596F9B5A-0FB9-41EA-AD24-0DDC8D5FC5D1}.Debug|Any CPU.Build.0 = Debug|Any CPU
		{596F9B5A-0FB9-41EA-AD24-0DDC8D5FC5D1}.Release|Any CPU.ActiveCfg = Release|Any CPU
		{596F9B5A-0FB9-41EA-AD24-0DDC8D5FC5D1}.Release|Any CPU.Build.0 = Release|Any CPU
		{F50DCD9E-1818-444C-B788-A99FD5B96989}.Debug|Any CPU.ActiveCfg = Debug|Any CPU
		{F50DCD9E-1818-444C-B788-A99FD5B96989}.Debug|Any CPU.Build.0 = Debug|Any CPU
		{F50DCD9E-1818-444C-B788-A99FD5B96989}.Release|Any CPU.ActiveCfg = Release|Any CPU
		{F50DCD9E-1818-444C-B788-A99FD5B96989}.Release|Any CPU.Build.0 = Release|Any CPU
		{690E0FFD-DC8E-4908-BE78-C9CA437E5F81}.Debug|Any CPU.ActiveCfg = Debug|Any CPU
		{690E0FFD-DC8E-4908-BE78-C9CA437E5F81}.Debug|Any CPU.Build.0 = Debug|Any CPU
		{690E0FFD-DC8E-4908-BE78-C9CA437E5F81}.Release|Any CPU.ActiveCfg = Release|Any CPU
		{690E0FFD-DC8E-4908-BE78-C9CA437E5F81}.Release|Any CPU.Build.0 = Release|Any CPU
		{BDCBFB59-8EDC-43C0-AFEF-868D8C06F90D}.Debug|Any CPU.ActiveCfg = Debug|Any CPU
		{BDCBFB59-8EDC-43C0-AFEF-868D8C06F90D}.Debug|Any CPU.Build.0 = Debug|Any CPU
		{BDCBFB59-8EDC-43C0-AFEF-868D8C06F90D}.Release|Any CPU.ActiveCfg = Release|Any CPU
		{BDCBFB59-8EDC-43C0-AFEF-868D8C06F90D}.Release|Any CPU.Build.0 = Release|Any CPU
		{E17079B8-18D7-40CD-9A47-5BDA944FE5F3}.Debug|Any CPU.ActiveCfg = Debug|Any CPU
		{E17079B8-18D7-40CD-9A47-5BDA944FE5F3}.Debug|Any CPU.Build.0 = Debug|Any CPU
		{E17079B8-18D7-40CD-9A47-5BDA944FE5F3}.Release|Any CPU.ActiveCfg = Release|Any CPU
		{E17079B8-18D7-40CD-9A47-5BDA944FE5F3}.Release|Any CPU.Build.0 = Release|Any CPU
		{C635C203-C754-4AC4-ABD0-319422722055}.Debug|Any CPU.ActiveCfg = Debug|Any CPU
		{C635C203-C754-4AC4-ABD0-319422722055}.Debug|Any CPU.Build.0 = Debug|Any CPU
		{C635C203-C754-4AC4-ABD0-319422722055}.Release|Any CPU.ActiveCfg = Release|Any CPU
		{C635C203-C754-4AC4-ABD0-319422722055}.Release|Any CPU.Build.0 = Release|Any CPU
	EndGlobalSection
	GlobalSection(SolutionProperties) = preSolution
		HideSolutionNode = FALSE
	EndGlobalSection
	GlobalSection(ExtensibilityGlobals) = postSolution
		SolutionGuid = {6D1DA333-827E-4889-80D5-BF2887215BD5}
	EndGlobalSection
EndGlobal
